
Microsoft Visual Studio Solution File, Format Version 12.00
# Visual Studio Version 17
VisualStudioVersion = 17.11.35327.3
MinimumVisualStudioVersion = 10.0.40219.1
Project("{888888A0-9F3D-457C-B088-3A5042F75D52}") = "Simple Phish Email", "Simple Phish Eamil\Simple Phish Email.pyproj", "{ADD8DF5A-50F7-4395-90D6-A4A8F6EEF003}"
EndProject
Global
	GlobalSection(SolutionConfigurationPlatforms) = preSolution
		Debug|Any CPU = Debug|Any CPU
		Release|Any CPU = Release|Any CPU
	EndGlobalSection
	GlobalSection(ProjectConfigurationPlatforms) = postSolution
		{ADD8DF5A-50F7-4395-90D6-A4A8F6EEF003}.Debug|Any CPU.ActiveCfg = Debug|Any CPU
		{ADD8DF5A-50F7-4395-90D6-A4A8F6EEF003}.Release|Any CPU.ActiveCfg = Release|Any CPU
	EndGlobalSection
	GlobalSection(SolutionProperties) = preSolution
		HideSolutionNode = FALSE
	EndGlobalSection
	GlobalSection(ExtensibilityGlobals) = postSolution
		SolutionGuid = {AFB317C6-C706-451B-86E6-A1E4363F5C3D}
	EndGlobalSection
EndGlobal
